{
  "name": "josh_game_lib",
  "version": "0.0.1",
  "lockfileVersion": 1,
  "requires": true,
  "dependencies": {
    "josh_js_util": {
      "version": "0.1.7",
      "resolved": "https://registry.npmjs.org/josh_js_util/-/josh_js_util-0.1.7.tgz",
      "integrity": "sha512-EZoqReMsGJRz5flNnfWhO0qocfxPoX2/LVfPQOBhpy+79WTvWTnPWljmlmtMAvNR6Beu7lWk/Vj3WYCnvlhzEw=="
    },
    "jsfxr": {
      "version": "1.2.0",
      "resolved": "https://registry.npmjs.org/jsfxr/-/jsfxr-1.2.0.tgz",
      "integrity": "sha512-ZPwEsRDfZ7R+6mIxYkfmaIYqat/Tor7CwYeurIU2ezRuT6OmnKV2Y/HKJ/JyHwcLcEZwI9TWDfFsIFc51YMOyA=="
    },
    "typescript": {
      "version": "4.9.4",
      "resolved": "https://registry.npmjs.org/typescript/-/typescript-4.9.4.tgz",
      "integrity": "sha512-Uz+dTXYzxXXbsFpM86Wh3dKCxrQqUcVMxwU54orwlJjOpO3ao8L7j5lH+dWfTwgCwIuM9GQ2kvVotzYJMXTBZg=="
    }
  }
}
